Microsoft Visual Studio Solution File, Format Version 11.00
# Visual Studio 2010
Project("{FAE04EC0-301F-11D3-BF4B-00C04F79EFBC}") = "Assembly-CSharp", "Assembly-CSharp.csproj", "{4E7B91FB-C82D-AFDC-B396-EFE5DB215F3C}"
EndProject
Project("{FAE04EC0-301F-11D3-BF4B-00C04F79EFBC}") = "Assembly-CSharp-Editor-firstpass", "Assembly-CSharp-Editor-firstpass.csproj", "{FDF4A445-5BC7-9F86-77CE-6350C2DA2740}"
EndProject
Global
	GlobalSection(SolutionConfigurationPlatforms) = preSolution
		Debug|Any CPU = Debug|Any CPU
		Release|Any CPU = Release|Any CPU
	EndGlobalSection
	GlobalSection(ProjectConfigurationPlatforms) = postSolution
		{4E7B91FB-C82D-AFDC-B396-EFE5DB215F3C}.Debug|Any CPU.ActiveCfg = Debug|Any CPU
		{4E7B91FB-C82D-AFDC-B396-EFE5DB215F3C}.Debug|Any CPU.Build.0 = Debug|Any CPU
		{4E7B91FB-C82D-AFDC-B396-EFE5DB215F3C}.Release|Any CPU.ActiveCfg = Release|Any CPU
		{4E7B91FB-C82D-AFDC-B396-EFE5DB215F3C}.Release|Any CPU.Build.0 = Release|Any CPU
		{FDF4A445-5BC7-9F86-77CE-6350C2DA2740}.Debug|Any CPU.ActiveCfg = Debug|Any CPU
		{FDF4A445-5BC7-9F86-77CE-6350C2DA2740}.Debug|Any CPU.Build.0 = Debug|Any CPU
		{FDF4A445-5BC7-9F86-77CE-6350C2DA2740}.Release|Any CPU.ActiveCfg = Release|Any CPU
		{FDF4A445-5BC7-9F86-77CE-6350C2DA2740}.Release|Any CPU.Build.0 = Release|Any CPU
	EndGlobalSection
	GlobalSection(SolutionProperties) = preSolution
		HideSolutionNode = FALSE
	EndGlobalSection
	GlobalSection(MonoDevelopProperties) = preSolution
		StartupItem = Assembly-CSharp.csproj
	EndGlobalSection
EndGlobal
